
Microsoft Visual Studio Solution File, Format Version 12.00
# Visual Studio Version 17
VisualStudioVersion = 17.12.35527.113 d17.12
MinimumVisualStudioVersion = 10.0.40219.1
Project("{FAE04EC0-301F-11D3-BF4B-00C04F79EFBC}") = "SAM2025", "SAM2025.csproj", "{BBC475B9-888D-4FF2-8836-DE6269725ADE}"
EndProject
Global
	GlobalSection(SolutionConfigurationPlatforms) = preSolution
		Debug|Any CPU = Debug|Any CPU
		Release|Any CPU = Release|Any CPU
	EndGlobalSection
	GlobalSection(ProjectConfigurationPlatforms) = postSolution
		{BBC475B9-888D-4FF2-8836-DE6269725ADE}.Debug|Any CPU.ActiveCfg = Debug|Any CPU
		{BBC475B9-888D-4FF2-8836-DE6269725ADE}.Debug|Any CPU.Build.0 = Debug|Any CPU
		{BBC475B9-888D-4FF2-8836-DE6269725ADE}.Release|Any CPU.ActiveCfg = Release|Any CPU
		{BBC475B9-888D-4FF2-8836-DE6269725ADE}.Release|Any CPU.Build.0 = Release|Any CPU
	EndGlobalSection
	GlobalSection(SolutionProperties) = preSolution
		HideSolutionNode = FALSE
	EndGlobalSection
EndGlobal
